// !$*UTF8*$!
{
	archiveVersion = 1;
	classes = {
	};
	objectVersion = 46;
	objects = {

/* Begin PBXBuildFile section */
		CF0BE8671C8E59CA00BC27DB /* main.m in Sources */ = {isa = PBXBuildFile; fileRef = CF0BE8661C8E59CA00BC27DB /* main.m */; };
		CF0BE86A1C8E59CA00BC27DB /* AppDelegate.m in Sources */ = {isa = PBXBuildFile; fileRef = CF0BE8691C8E59CA00BC27DB /* AppDelegate.m */; };
		CF0BE86D1C8E59CA00BC27DB /* ViewController.m in Sources */ = {isa = PBXBuildFile; fileRef = CF0BE86C1C8E59CA00BC27DB /* ViewController.m */; };
		CF0BE8721C8E59CA00BC27DB /* Assets.xcassets in Resources */ = {isa = PBXBuildFile; fileRef = CF0BE8711C8E59CA00BC27DB /* Assets.xcassets */; };
		CF0BE8751C8E59CA00BC27DB /* LaunchScreen.storyboard in Resources */ = {isa = PBXBuildFile; fileRef = CF0BE8731C8E59CA00BC27DB /* LaunchScreen.storyboard */; };
		CF0BE8801C8E59CA00BC27DB /* Demo1_countTests.m in Sources */ = {isa = PBXBuildFile; fileRef = CF0BE87F1C8E59CA00BC27DB /* Demo1_countTests.m */; };
		CF0BE88B1C8E59CA00BC27DB /* Demo1_countUITests.m in Sources */ = {isa = PBXBuildFile; fileRef = CF0BE88A1C8E59CA00BC27DB /* Demo1_countUITests.m */; };
		CF0BE89A1C8E5DDC00BC27DB /* Main.storyboard in Resources */ = {isa = PBXBuildFile; fileRef = CF0BE8981C8E5DDC00BC27DB /* Main.storyboard */; };
/* End PBXBuildFile section */

/* Begin PBXContainerItemProxy section */
		CF0BE87C1C8E59CA00BC27DB /* PBXContainerItemProxy */ = {
			isa = PBXContainerItemProxy;
			containerPortal = CF0BE85A1C8E59CA00BC27DB /* Project object */;
			proxyType = 1;
			remoteGlobalIDString = CF0BE8611C8E59CA00BC27DB;
			remoteInfo = Demo1_count;
		};
		CF0BE8871C8E59CA00BC27DB /* PBXContainerItemProxy */ = {
			isa = PBXContainerItemProxy;
			containerPortal = CF0BE85A1C8E59CA00BC27DB /* Project object */;
			proxyType = 1;
			remoteGlobalIDString = CF0BE8611C8E59CA00BC27DB;
			remoteInfo = Demo1_count;
		};
/* End PBXContainerItemProxy section */

/* Begin PBXFileReference section */
		CF0BE8621C8E59CA00BC27DB /* Demo1_count.app */ = {isa = PBXFileReference; explicitFileType = wrapper.application; includeInIndex = 0; path = Demo1_count.app; sourceTree = BUILT_PRODUCTS_DIR; };
		CF0BE8661C8E59CA00BC27DB /* main.m */ = {isa = PBXFileReference; lastKnownFileType = sourcecode.c.objc; path = main.m; sourceTree = "<group>"; };
		CF0BE8681C8E59CA00BC27DB /* AppDelegate.h */ = {isa = PBXFileReference; lastKnownFileType = sourcecode.c.h; path = AppDelegate.h; sourceTree = "<group>"; };
		CF0BE8691C8E59CA00BC27DB /* AppDelegate.m */ = {isa = PBXFileReference; lastKnownFileType = sourcecode.c.objc; path = AppDelegate.m; sourceTree = "<group>"; };
		CF0BE86B1C8E59CA00BC27DB /* ViewController.h */ = {isa = PBXFileReference; lastKnownFileType = sourcecode.c.h; path = ViewController.h; sourceTree = "<group>"; };
		CF0BE86C1C8E59CA00BC27DB /* ViewController.m */ = {isa = PBXFileReference; lastKnownFileType = sourcecode.c.objc; path = ViewController.m; sourceTree = "<group>"; };
		CF0BE8711C8E59CA00BC27DB /* Assets.xcassets */ = {isa = PBXFileReference; lastKnownFileType = folder.assetcatalog; path = Assets.xcassets; sourceTree = "<group>"; };
		CF0BE8741C8E59CA00BC27DB /* Base */ = {isa = PBXFileReference; lastKnownFileType = file.storyboard; name = Base; path = Base.lproj/LaunchScreen.storyboard; sourceTree = "<group>"; };
		CF0BE8761C8E59CA00BC27DB /* Info.plist */ = {isa = PBXFileReference; lastKnownFileType = text.plist.xml; path = Info.plist; sourceTree = "<group>"; };
		CF0BE87B1C8E59CA00BC27DB /* Demo1_countTests.xctest */ = {isa = PBXFileReference; explicitFileType = wrapper.cfbundle; includeInIndex = 0; path = Demo1_countTests.xctest; sourceTree = BUILT_PRODUCTS_DIR; };
		CF0BE87F1C8E59CA00BC27DB /* Demo1_countTests.m */ = {isa = PBXFileReference; lastKnownFileType = sourcecode.c.objc; path = Demo1_countTests.m; sourceTree = "<group>"; };
		CF0BE8811C8E59CA00BC27DB /* Info.plist */ = {isa = PBXFileReference; lastKnownFileType = text.plist.xml; path = Info.plist; sourceTree = "<group>"; };
		CF0BE8861C8E59CA00BC27DB /* Demo1_countUITests.xctest */ = {isa = PBXFileReference; explicitFileType = wrapper.cfbundle; includeInIndex = 0; path = Demo1_countUITests.xctest; sourceTree = BUILT_PRODUCTS_DIR; };
		CF0BE88A1C8E59CA00BC27DB /* Demo1_countUITests.m */ = {isa = PBXFileReference; lastKnownFileType = sourcecode.c.objc; path = Demo1_countUITests.m; sourceTree = "<group>"; };
		CF0BE88C1C8E59CA00BC27DB /* Info.plist */ = {isa = PBXFileReference; lastKnownFileType = text.plist.xml; path = Info.plist; sourceTree = "<group>"; };
		CF0BE8991C8E5DDC00BC27DB /* Base */ = {isa = PBXFileReference; lastKnownFileType = file.storyboard; name = Base; path = Base.lproj/Main.storyboard; sourceTree = "<group>"; };
/* End PBXFileReference section */

/* Begin PBXFrameworksBuildPhase section */
		CF0BE85F1C8E59CA00BC27DB /* Frameworks */ = {
			isa = PBXFrameworksBuildPhase;
			buildActionMask = 2147483647;
			files = (
			);
			runOnlyForDeploymentPostprocessing = 0;
		};
		CF0BE8781C8E59CA00BC27DB /* Frameworks */ = {
			isa = PBXFrameworksBuildPhase;
			buildActionMask = 2147483647;
			files = (
			);
			runOnlyForDeploymentPostprocessing = 0;
		};
		CF0BE8831C8E59CA00BC27DB /* Frameworks */ = {
			isa = PBXFrameworksBuildPhase;
			buildActionMask = 2147483647;
			files = (
			);
			runOnlyForDeploymentPostprocessing = 0;
		};
/* End PBXFrameworksBuildPhase section */

/* Begin PBXGroup section */
		CF0BE8591C8E59CA00BC27DB = {
			isa = PBXGroup;
			children = (
				CF0BE8641C8E59CA00BC27DB /* Demo1_count */,
				CF0BE87E1C8E59CA00BC27DB /* Demo1_countTests */,
				CF0BE8891C8E59CA00BC27DB /* Demo1_countUITests */,
				CF0BE8631C8E59CA00BC27DB /* Products */,
			);
			sourceTree = "<group>";
		};
		CF0BE8631C8E59CA00BC27DB /* Products */ = {
			isa = PBXGroup;
			children = (
				CF0BE8621C8E59CA00BC27DB /* Demo1_count.app */,
				CF0BE87B1C8E59CA00BC27DB /* Demo1_countTests.xctest */,
				CF0BE8861C8E59CA00BC27DB /* Demo1_countUITests.xctest */,
			);
			name = Products;
			sourceTree = "<group>";
		};
		CF0BE8641C8E59CA00BC27DB /* Demo1_count */ = {
			isa = PBXGroup;
			children = (
				CF0BE8681C8E59CA00BC27DB /* AppDelegate.h */,
				CF0BE8691C8E59CA00BC27DB /* AppDelegate.m */,
				CF0BE8981C8E5DDC00BC27DB /* Main.storyboard */,
				CF0BE86B1C8E59CA00BC27DB /* ViewController.h */,
				CF0BE86C1C8E59CA00BC27DB /* ViewController.m */,
				CF0BE8711C8E59CA00BC27DB /* Assets.xcassets */,
				CF0BE8731C8E59CA00BC27DB /* LaunchScreen.storyboard */,
				CF0BE8761C8E59CA00BC27DB /* Info.plist */,
				CF0BE8651C8E59CA00BC27DB /* Supporting Files */,
			);
			path = Demo1_count;
			sourceTree = "<group>";
		};
		CF0BE8651C8E59CA00BC27DB /* Supporting Files */ = {
			isa = PBXGroup;
			children = (
				CF0BE8661C8E59CA00BC27DB /* main.m */,
			);
			name = "Supporting Files";
			sourceTree = "<group>";
		};
		CF0BE87E1C8E59CA00BC27DB /* Demo1_countTests */ = {
			isa = PBXGroup;
			children = (
				CF0BE87F1C8E59CA00BC27DB /* Demo1_countTests.m */,
				CF0BE8811C8E59CA00BC27DB /* Info.plist */,
			);
			path = Demo1_countTests;
			sourceTree = "<group>";
		};
		CF0BE8891C8E59CA00BC27DB /* Demo1_countUITests */ = {
			isa = PBXGroup;
			children = (
				CF0BE88A1C8E59CA00BC27DB /* Demo1_countUITests.m */,
				CF0BE88C1C8E59CA00BC27DB /* Info.plist */,
			);
			path = Demo1_countUITests;
			sourceTree = "<group>";
		};
/* End PBXGroup section */

/* Begin PBXNativeTarget section */
		CF0BE8611C8E59CA00BC27DB /* Demo1_count */ = {
			isa = PBXNativeTarget;
			buildConfigurationList = CF0BE88F1C8E59CA00BC27DB /* Build configuration list for PBXNativeTarget "Demo1_count" */;
			buildPhases = (
				CF0BE85E1C8E59CA00BC27DB /* Sources */,
				CF0BE85F1C8E59CA00BC27DB /* Frameworks */,
				CF0BE8601C8E59CA00BC27DB /* Resources */,
			);
			buildRules = (
			);
			dependencies = (
			);
			name = Demo1_count;
			productName = Demo1_count;
			productReference = CF0BE8621C8E59CA00BC27DB /* Demo1_count.app */;
			productType = "com.apple.product-type.application";
		};
		CF0BE87A1C8E59CA00BC27DB /* Demo1_countTests */ = {
			isa = PBXNativeTarget;
			buildConfigurationList = CF0BE8921C8E59CA00BC27DB /* Build configuration list for PBXNativeTarget "Demo1_countTests" */;
			buildPhases = (
				CF0BE8771C8E59CA00BC27DB /* Sources */,
				CF0BE8781C8E59CA00BC27DB /* Frameworks */,
				CF0BE8791C8E59CA00BC27DB /* Resources */,
			);
			buildRules = (
			);
			dependencies = (
				CF0BE87D1C8E59CA00BC27DB /* PBXTargetDependency */,
			);
			name = Demo1_countTests;
			productName = Demo1_countTests;
			productReference = CF0BE87B1C8E59CA00BC27DB /* Demo1_countTests.xctest */;
			productType = "com.apple.product-type.bundle.unit-test";
		};
		CF0BE8851C8E59CA00BC27DB /* Demo1_countUITests */ = {
			isa = PBXNativeTarget;
			buildConfigurationList = CF0BE8951C8E59CA00BC27DB /* Build configuration list for PBXNativeTarget "Demo1_countUITests" */;
			buildPhases = (
				CF0BE8821C8E59CA00BC27DB /* Sources */,
				CF0BE8831C8E59CA00BC27DB /* Frameworks */,
				CF0BE8841C8E59CA00BC27DB /* Resources */,
			);
			buildRules = (
			);
			dependencies = (
				CF0BE8881C8E59CA00BC27DB /* PBXTargetDependency */,
			);
			name = Demo1_countUITests;
			productName = Demo1_countUITests;
			productReference = CF0BE8861C8E59CA00BC27DB /* Demo1_countUITests.xctest */;
			productType = "com.apple.product-type.bundle.ui-testing";
		};
/* End PBXNativeTarget section */

/* Begin PBXProject section */
		CF0BE85A1C8E59CA00BC27DB /* Project object */ = {
			isa = PBXProject;
			attributes = {
				LastUpgradeCheck = 0720;
				ORGANIZATIONNAME = jiangsu;
				TargetAttributes = {
					CF0BE8611C8E59CA00BC27DB = {
						CreatedOnToolsVersion = 7.2.1;
						DevelopmentTeam = 4SU7V64Q9J;
					};
					CF0BE87A1C8E59CA00BC27DB = {
						CreatedOnToolsVersion = 7.2.1;
						DevelopmentTeam = 4SU7V64Q9J;
						TestTargetID = CF0BE8611C8E59CA00BC27DB;
					};
					CF0BE8851C8E59CA00BC27DB = {
						CreatedOnToolsVersion = 7.2.1;
						DevelopmentTeam = 4SU7V64Q9J;
						TestTargetID = CF0BE8611C8E59CA00BC27DB;
					};
				};
			};
			buildConfigurationList = CF0BE85D1C8E59CA00BC27DB /* Build configuration list for PBXProject "Demo1_count" */;
			compatibilityVersion = "Xcode 3.2";
			developmentRegion = English;
			hasScannedForEncodings = 0;
			knownRegions = (
				en,
				Base,
			);
			mainGroup = CF0BE8591C8E59CA00BC27DB;
			productRefGroup = CF0BE8631C8E59CA00BC27DB /* Products */;
			projectDirPath = "";
			projectRoot = "";
			targets = (
				CF0BE8611C8E59CA00BC27DB /* Demo1_count */,
				CF0BE87A1C8E59CA00BC27DB /* Demo1_countTests */,
				CF0BE8851C8E59CA00BC27DB /* Demo1_countUITests */,
			);
		};
/* End PBXProject section */

/* Begin PBXResourcesBuildPhase section */
		CF0BE8601C8E59CA00BC27DB /* Resources */ = {
			isa = PBXResourcesBuildPhase;
			buildActionMask = 2147483647;
			files = (
				CF0BE89A1C8E5DDC00BC27DB /* Main.storyboard in Resources */,
				CF0BE8751C8E59CA00BC27DB /* LaunchScreen.storyboard in Resources */,
				CF0BE8721C8E59CA00BC27DB /* Assets.xcassets in Resources */,
			);
			runOnlyForDeploymentPostprocessing = 0;
		};
		CF0BE8791C8E59CA00BC27DB /* Resources */ = {
			isa = PBXResourcesBuildPhase;
			buildActionMask = 2147483647;
			files = (
			);
			runOnlyForDeploymentPostprocessing = 0;
		};
		CF0BE8841C8E59CA00BC27DB /* Resources */ = {
			isa = PBXResourcesBuildPhase;
			buildActionMask = 2147483647;
			files = (
			);
			runOnlyForDeploymentPostprocessing = 0;
		};
/* End PBXResourcesBuildPhase section */

/* Begin PBXSourcesBuildPhase section */
		CF0BE85E1C8E59CA00BC27DB /* Sources */ = {
			isa = PBXSourcesBuildPhase;
			buildActionMask = 2147483647;
			files = (
				CF0BE86D1C8E59CA00BC27DB /* ViewController.m in Sources */,
				CF0BE86A1C8E59CA00BC27DB /* AppDelegate.m in Sources */,
				CF0BE8671C8E59CA00BC27DB /* main.m in Sources */,
			);
			runOnlyForDeploymentPostprocessing = 0;
		};
		CF0BE8771C8E59CA00BC27DB /* Sources */ = {
			isa = PBXSourcesBuildPhase;
			buildActionMask = 2147483647;
			files = (
				CF0BE8801C8E59CA00BC27DB /* Demo1_countTests.m in Sources */,
			);
			runOnlyForDeploymentPostprocessing = 0;
		};
		CF0BE8821C8E59CA00BC27DB /* Sources */ = {
			isa = PBXSourcesBuildPhase;
			buildActionMask = 2147483647;
			files = (
				CF0BE88B1C8E59CA00BC27DB /* Demo1_countUITests.m in Sources */,
			);
			runOnlyForDeploymentPostprocessing = 0;
		};
/* End PBXSourcesBuildPhase section */

/* Begin PBXTargetDependency section */
		CF0BE87D1C8E59CA00BC27DB /* PBXTargetDependency */ = {
			isa = PBXTargetDependency;
			target = CF0BE8611C8E59CA00BC27DB /* Demo1_count */;
			targetProxy = CF0BE87C1C8E59CA00BC27DB /* PBXContainerItemProxy */;
		};
		CF0BE8881C8E59CA00BC27DB /* PBXTargetDependency */ = {
			isa = PBXTargetDependency;
			target = CF0BE8611C8E59CA00BC27DB /* Demo1_count */;
			targetProxy = CF0BE8871C8E59CA00BC27DB /* PBXContainerItemProxy */;
		};
/* End PBXTargetDependency section */

/* Begin PBXVariantGroup section */
		CF0BE8731C8E59CA00BC27DB /* LaunchScreen.storyboard */ = {
			isa = PBXVariantGroup;
			children = (
				CF0BE8741C8E59CA00BC27DB /* Base */,
			);
			name = LaunchScreen.storyboard;
			sourceTree = "<group>";
		};
		CF0BE8981C8E5DDC00BC27DB /* Main.storyboard */ = {
			isa = PBXVariantGroup;
			children = (
				CF0BE8991C8E5DDC00BC27DB /* Base */,
			);
			name = Main.storyboard;
			sourceTree = "<group>";
		};
/* End PBXVariantGroup section */

/* Begin XCBuildConfiguration section */
		CF0BE88D1C8E59CA00BC27DB /* Debug */ = {
			isa = XCBuildConfiguration;
			buildSettings = {
				ALWAYS_SEARCH_USER_PATHS = NO;
				CLANG_CXX_LANGUAGE_STANDARD = "gnu++0x";
				CLANG_CXX_LIBRARY = "libc++";
				CLANG_ENABLE_MODULES = YES;
				CLANG_ENABLE_OBJC_ARC = YES;
				CLANG_WARN_BOOL_CONVERSION = YES;
				CLANG_WARN_CONSTANT_CONVERSION = YES;
				CLANG_WARN_DIRECT_OBJC_ISA_USAGE = YES_ERROR;
				CLANG_WARN_EMPTY_BODY = YES;
				CLANG_WARN_ENUM_CONVERSION = YES;
				CLANG_WARN_INT_CONVERSION = YES;
				CLANG_WARN_OBJC_ROOT_CLASS = YES_ERROR;
				CLANG_WARN_UNREACHABLE_CODE = YES;
				CLANG_WARN__DUPLICATE_METHOD_MATCH = YES;
				"CODE_SIGN_IDENTITY[sdk=iphoneos*]" = "iPhone Developer";
				COPY_PHASE_STRIP = NO;
				DEBUG_INFORMATION_FORMAT = dwarf;
				ENABLE_STRICT_OBJC_MSGSEND = YES;
				ENABLE_TESTABILITY = YES;
				GCC_C_LANGUAGE_STANDARD = gnu99;
				GCC_DYNAMIC_NO_PIC = NO;
				GCC_NO_COMMON_BLOCKS = YES;
				GCC_OPTIMIZATION_LEVEL = 0;
				GCC_PREPROCESSOR_DEFINITIONS = (
					"DEBUG=1",
					"$(inherited)",
				);
				GCC_WARN_64_TO_32_BIT_CONVERSION = YES;
				GCC_WARN_ABOUT_RETURN_TYPE = YES_ERROR;
				GCC_WARN_UNDECLARED_SELECTOR = YES;
				GCC_WARN_UNINITIALIZED_AUTOS = YES_AGGRESSIVE;
				GCC_WARN_UNUSED_FUNCTION = YES;
				GCC_WARN_UNUSED_VARIABLE = YES;
				IPHONEOS_DEPLOYMENT_TARGET = 9.2;
				MTL_ENABLE_DEBUG_INFO = YES;
				ONLY_ACTIVE_ARCH = YES;
				SDKROOT = iphoneos;
			};
			name = Debug;
		};
		CF0BE88E1C8E59CA00BC27DB /* Release */ = {
			isa = XCBuildConfiguration;
			buildSettings = {
				ALWAYS_SEARCH_USER_PATHS = NO;
				CLANG_CXX_LANGUAGE_STANDARD = "gnu++0x";
				CLANG_CXX_LIBRARY = "libc++";
				CLANG_ENABLE_MODULES = YES;
				CLANG_ENABLE_OBJC_ARC = YES;
				CLANG_WARN_BOOL_CONVERSION = YES;
				CLANG_WARN_CONSTANT_CONVERSION = YES;
				CLANG_WARN_DIRECT_OBJC_ISA_USAGE = YES_ERROR;
				CLANG_WARN_EMPTY_BODY = YES;
				CLANG_WARN_ENUM_CONVERSION = YES;
				CLANG_WARN_INT_CONVERSION = YES;
				CLANG_WARN_OBJC_ROOT_CLASS = YES_ERROR;
				CLANG_WARN_UNREACHABLE_CODE = YES;
				CLANG_WARN__DUPLICATE_METHOD_MATCH = YES;
				"CODE_SIGN_IDENTITY[sdk=iphoneos*]" = "iPhone Developer";
				COPY_PHASE_STRIP = NO;
				DEBUG_INFORMATION_FORMAT = "dwarf-with-dsym";
				ENABLE_NS_ASSERTIONS = NO;
				ENABLE_STRICT_OBJC_MSGSEND = YES;
				GCC_C_LANGUAGE_STANDARD = gnu99;
				GCC_NO_COMMON_BLOCKS = YES;
				GCC_WARN_64_TO_32_BIT_CONVERSION = YES;
				GCC_WARN_ABOUT_RETURN_TYPE = YES_ERROR;
				GCC_WARN_UNDECLARED_SELECTOR = YES;
				GCC_WARN_UNINITIALIZED_AUTOS = YES_AGGRESSIVE;
				GCC_WARN_UNUSED_FUNCTION = YES;
				GCC_WARN_UNUSED_VARIABLE = YES;
				IPHONEOS_DEPLOYMENT_TARGET = 9.2;
				MTL_ENABLE_DEBUG_INFO = NO;
				SDKROOT = iphoneos;
				VALIDATE_PRODUCT = YES;
			};
			name = Release;
		};
		CF0BE8901C8E59CA00BC27DB /* Debug */ = {
			isa = XCBuildConfiguration;
			buildSettings = {
				ASSETCATALOG_COMPILER_APPICON_NAME = AppIcon;
				INFOPLIST_FILE = Demo1_count/Info.plist;
				LD_RUNPATH_SEARCH_PATHS = "$(inherited) @executable_path/Frameworks";
				PRODUCT_BUNDLE_IDENTIFIER = "com.jiangsu.Demo1-count";
				PRODUCT_NAME = "$(TARGET_NAME)";
			};
			name = Debug;
		};
		CF0BE8911C8E59CA00BC27DB /* Release */ = {
			isa = XCBuildConfiguration;
			buildSettings = {
				ASSETCATALOG_COMPILER_APPICON_NAME = AppIcon;
				INFOPLIST_FILE = Demo1_count/Info.plist;
				LD_RUNPATH_SEARCH_PATHS = "$(inherited) @executable_path/Frameworks";
				PRODUCT_BUNDLE_IDENTIFIER = "com.jiangsu.Demo1-count";
				PRODUCT_NAME = "$(TARGET_NAME)";
			};
			name = Release;
		};
		CF0BE8931C8E59CA00BC27DB /* Debug */ = {
			isa = XCBuildConfiguration;
			buildSettings = {
				BUNDLE_LOADER = "$(TEST_HOST)";
				INFOPLIST_FILE = Demo1_countTests/Info.plist;
				LD_RUNPATH_SEARCH_PATHS = "$(inherited) @executable_path/Frameworks @loader_path/Frameworks";
				PRODUCT_BUNDLE_IDENTIFIER = "com.jiangsu.Demo1-countTests";
				PRODUCT_NAME = "$(TARGET_NAME)";
				TEST_HOST = "$(BUILT_PRODUCTS_DIR)/Demo1_count.app/Demo1_count";
			};
			name = Debug;
		};
		CF0BE8941C8E59CA00BC27DB /* Release */ = {
			isa = XCBuildConfiguration;
			buildSettings = {
				BUNDLE_LOADER = "$(TEST_HOST)";
				INFOPLIST_FILE = Demo1_countTests/Info.plist;
				LD_RUNPATH_SEARCH_PATHS = "$(inherited) @executable_path/Frameworks @loader_path/Frameworks";
				PRODUCT_BUNDLE_IDENTIFIER = "com.jiangsu.Demo1-countTests";
				PRODUCT_NAME = "$(TARGET_NAME)";
				TEST_HOST = "$(BUILT_PRODUCTS_DIR)/Demo1_count.app/Demo1_count";
			};
			name = Release;
		};
		CF0BE8961C8E59CA00BC27DB /* Debug */ = {
			isa = XCBuildConfiguration;
			buildSettings = {
				INFOPLIST_FILE = Demo1_countUITests/Info.plist;
				LD_RUNPATH_SEARCH_PATHS = "$(inherited) @executable_path/Frameworks @loader_path/Frameworks";
				PRODUCT_BUNDLE_IDENTIFIER = "com.jiangsu.Demo1-countUITests";
				PRODUCT_NAME = "$(TARGET_NAME)";
				TEST_TARGET_NAME = Demo1_count;
				USES_XCTRUNNER = YES;
			};
			name = Debug;
		};
		CF0BE8971C8E59CA00BC27DB /* Release */ = {
			isa = XCBuildConfiguration;
			buildSettings = {
				INFOPLIST_FILE = Demo1_countUITests/Info.plist;
				LD_RUNPATH_SEARCH_PATHS = "$(inherited) @executable_path/Frameworks @loader_path/Frameworks";
				PRODUCT_BUNDLE_IDENTIFIER = "com.jiangsu.Demo1-countUITests";
				PRODUCT_NAME = "$(TARGET_NAME)";
				TEST_TARGET_NAME = Demo1_count;
				USES_XCTRUNNER = YES;
			};
			name = Release;
		};
/* End XCBuildConfiguration section */

/* Begin XCConfigurationList section */
		CF0BE85D1C8E59CA00BC27DB /* Build configuration list for PBXProject "Demo1_count" */ = {
			isa = XCConfigurationList;
			buildConfigurations = (
				CF0BE88D1C8E59CA00BC27DB /* Debug */,
				CF0BE88E1C8E59CA00BC27DB /* Release */,
			);
			defaultConfigurationIsVisible = 0;
			defaultConfigurationName = Release;
		};
		CF0BE88F1C8E59CA00BC27DB /* Build configuration list for PBXNativeTarget "Demo1_count" */ = {
			isa = XCConfigurationList;
			buildConfigurations = (
				CF0BE8901C8E59CA00BC27DB /* Debug */,
				CF0BE8911C8E59CA00BC27DB /* Release */,
			);
			defaultConfigurationIsVisible = 0;
		};
		CF0BE8921C8E59CA00BC27DB /* Build configuration list for PBXNativeTarget "Demo1_countTests" */ = {
			isa = XCConfigurationList;
			buildConfigurations = (
				CF0BE8931C8E59CA00BC27DB /* Debug */,
				CF0BE8941C8E59CA00BC27DB /* Release */,
			);
			defaultConfigurationIsVisible = 0;
		};
		CF0BE8951C8E59CA00BC27DB /* Build configuration list for PBXNativeTarget "Demo1_countUITests" */ = {
			isa = XCConfigurationList;
			buildConfigurations = (
				CF0BE8961C8E59CA00BC27DB /* Debug */,
				CF0BE8971C8E59CA00BC27DB /* Release */,
			);
			defaultConfigurationIsVisible = 0;
		};
/* End XCConfigurationList section */
	};
	rootObject = CF0BE85A1C8E59CA00BC27DB /* Project object */;
}
